// !$*UTF8*$!
{
	archiveVersion = 1;
	classes = {
	};
	objectVersion = 77;
	objects = {

/* Begin PBXBuildFile section */
		5D57BA982E3A519800070E0B /* ATProtoKit in Frameworks */ = {isa = PBXBuildFile; productRef = 5D57BA972E3A519800070E0B /* ATProtoKit */; };
/* End PBXBuildFile section */

/* Begin PBXContainerItemProxy section */
		5D57BA722E3A2AC900070E0B /* PBXContainerItemProxy */ = {
			isa = PBXContainerItemProxy;
			containerPortal = 5D57BA552E3A2AC700070E0B /* Project object */;
			proxyType = 1;
			remoteGlobalIDString = 5D57BA5C2E3A2AC700070E0B;
			remoteInfo = SkyGazer;
		};
		5D57BA7C2E3A2AC900070E0B /* PBXContainerItemProxy */ = {
			isa = PBXContainerItemProxy;
			containerPortal = 5D57BA552E3A2AC700070E0B /* Project object */;
			proxyType = 1;
			remoteGlobalIDString = 5D57BA5C2E3A2AC700070E0B;
			remoteInfo = SkyGazer;
		};
/* End PBXContainerItemProxy section */

/* Begin PBXFileReference section */
		5D57BA5D2E3A2AC700070E0B /* SkyGazer.app */ = {isa = PBXFileReference; explicitFileType = wrapper.application; includeInIndex = 0; path = SkyGazer.app; sourceTree = BUILT_PRODUCTS_DIR; };
		5D57BA712E3A2AC900070E0B /* SkyGazerTests.xctest */ = {isa = PBXFileReference; explicitFileType = wrapper.cfbundle; includeInIndex = 0; path = SkyGazerTests.xctest; sourceTree = BUILT_PRODUCTS_DIR; };
		5D57BA7B2E3A2AC900070E0B /* SkyGazerUITests.xctest */ = {isa = PBXFileReference; explicitFileType = wrapper.cfbundle; includeInIndex = 0; path = SkyGazerUITests.xctest; sourceTree = BUILT_PRODUCTS_DIR; };
/* End PBXFileReference section */

/* Begin PBXFileSystemSynchronizedBuildFileExceptionSet section */
		5D57BA832E3A2AC900070E0B /* Exceptions for "SkyGazer" folder in "SkyGazer" target */ = {
			isa = PBXFileSystemSynchronizedBuildFileExceptionSet;
			membershipExceptions = (
				Info.plist,
			);
			target = 5D57BA5C2E3A2AC700070E0B /* SkyGazer */;
		};
/* End PBXFileSystemSynchronizedBuildFileExceptionSet section */

/* Begin PBXFileSystemSynchronizedRootGroup section */
		5D57BA5F2E3A2AC700070E0B /* SkyGazer */ = {
			isa = PBXFileSystemSynchronizedRootGroup;
			exceptions = (
				5D57BA832E3A2AC900070E0B /* Exceptions for "SkyGazer" folder in "SkyGazer" target */,
			);
			path = SkyGazer;
			sourceTree = "<group>";
		};
		5D57BA742E3A2AC900070E0B /* SkyGazerTests */ = {
			isa = PBXFileSystemSynchronizedRootGroup;
			path = SkyGazerTests;
			sourceTree = "<group>";
		};
		5D57BA7E2E3A2AC900070E0B /* SkyGazerUITests */ = {
			isa = PBXFileSystemSynchronizedRootGroup;
			path = SkyGazerUITests;
			sourceTree = "<group>";
		};
/* End PBXFileSystemSynchronizedRootGroup section */

/* Begin PBXFrameworksBuildPhase section */
		5D57BA5A2E3A2AC700070E0B /* Frameworks */ = {
			isa = PBXFrameworksBuildPhase;
			buildActionMask = 2147483647;
			files = (
				5D57BA982E3A519800070E0B /* ATProtoKit in Frameworks */,
			);
			runOnlyForDeploymentPostprocessing = 0;
		};
		5D57BA6E2E3A2AC900070E0B /* Frameworks */ = {
			isa = PBXFrameworksBuildPhase;
			buildActionMask = 2147483647;
			files = (
			);
			runOnlyForDeploymentPostprocessing = 0;
		};
		5D57BA782E3A2AC900070E0B /* Frameworks */ = {
			isa = PBXFrameworksBuildPhase;
			buildActionMask = 2147483647;
			files = (
			);
			runOnlyForDeploymentPostprocessing = 0;
		};
/* End PBXFrameworksBuildPhase section */

/* Begin PBXGroup section */
		5D57BA542E3A2AC700070E0B = {
			isa = PBXGroup;
			children = (
				5D57BA5F2E3A2AC700070E0B /* SkyGazer */,
				5D57BA742E3A2AC900070E0B /* SkyGazerTests */,
				5D57BA7E2E3A2AC900070E0B /* SkyGazerUITests */,
				5D57BA5E2E3A2AC700070E0B /* Products */,
			);
			sourceTree = "<group>";
		};
		5D57BA5E2E3A2AC700070E0B /* Products */ = {
			isa = PBXGroup;
			children = (
				5D57BA5D2E3A2AC700070E0B /* SkyGazer.app */,
				5D57BA712E3A2AC900070E0B /* SkyGazerTests.xctest */,
				5D57BA7B2E3A2AC900070E0B /* SkyGazerUITests.xctest */,
			);
			name = Products;
			sourceTree = "<group>";
		};
/* End PBXGroup section */

/* Begin PBXNativeTarget section */
		5D57BA5C2E3A2AC700070E0B /* SkyGazer */ = {
			isa = PBXNativeTarget;
			buildConfigurationList = 5D57BA842E3A2AC900070E0B /* Build configuration list for PBXNativeTarget "SkyGazer" */;
			buildPhases = (
				5D57BA592E3A2AC700070E0B /* Sources */,
				5D57BA5A2E3A2AC700070E0B /* Frameworks */,
				5D57BA5B2E3A2AC700070E0B /* Resources */,
			);
			buildRules = (
			);
			dependencies = (
			);
			fileSystemSynchronizedGroups = (
				5D57BA5F2E3A2AC700070E0B /* SkyGazer */,
			);
			name = SkyGazer;
			packageProductDependencies = (
				5D57BA972E3A519800070E0B /* ATProtoKit */,
			);
			productName = SkyGazer;
			productReference = 5D57BA5D2E3A2AC700070E0B /* SkyGazer.app */;
			productType = "com.apple.product-type.application";
		};
		5D57BA702E3A2AC900070E0B /* SkyGazerTests */ = {
			isa = PBXNativeTarget;
			buildConfigurationList = 5D57BA892E3A2AC900070E0B /* Build configuration list for PBXNativeTarget "SkyGazerTests" */;
			buildPhases = (
				5D57BA6D2E3A2AC900070E0B /* Sources */,
				5D57BA6E2E3A2AC900070E0B /* Frameworks */,
				5D57BA6F2E3A2AC900070E0B /* Resources */,
			);
			buildRules = (
			);
			dependencies = (
				5D57BA732E3A2AC900070E0B /* PBXTargetDependency */,
			);
			fileSystemSynchronizedGroups = (
				5D57BA742E3A2AC900070E0B /* SkyGazerTests */,
			);
			name = SkyGazerTests;
			packageProductDependencies = (
			);
			productName = SkyGazerTests;
			productReference = 5D57BA712E3A2AC900070E0B /* SkyGazerTests.xctest */;
			productType = "com.apple.product-type.bundle.unit-test";
		};
		5D57BA7A2E3A2AC900070E0B /* SkyGazerUITests */ = {
			isa = PBXNativeTarget;
			buildConfigurationList = 5D57BA8C2E3A2AC900070E0B /* Build configuration list for PBXNativeTarget "SkyGazerUITests" */;
			buildPhases = (
				5D57BA772E3A2AC900070E0B /* Sources */,
				5D57BA782E3A2AC900070E0B /* Frameworks */,
				5D57BA792E3A2AC900070E0B /* Resources */,
			);
			buildRules = (
			);
			dependencies = (
				5D57BA7D2E3A2AC900070E0B /* PBXTargetDependency */,
			);
			fileSystemSynchronizedGroups = (
				5D57BA7E2E3A2AC900070E0B /* SkyGazerUITests */,
			);
			name = SkyGazerUITests;
			packageProductDependencies = (
			);
			productName = SkyGazerUITests;
			productReference = 5D57BA7B2E3A2AC900070E0B /* SkyGazerUITests.xctest */;
			productType = "com.apple.product-type.bundle.ui-testing";
		};
/* End PBXNativeTarget section */

/* Begin PBXProject section */
		5D57BA552E3A2AC700070E0B /* Project object */ = {
			isa = PBXProject;
			attributes = {
				BuildIndependentTargetsInParallel = 1;
				LastSwiftUpdateCheck = 2600;
				LastUpgradeCheck = 2600;
				TargetAttributes = {
					5D57BA5C2E3A2AC700070E0B = {
						CreatedOnToolsVersion = 26.0;
					};
					5D57BA702E3A2AC900070E0B = {
						CreatedOnToolsVersion = 26.0;
						TestTargetID = 5D57BA5C2E3A2AC700070E0B;
					};
					5D57BA7A2E3A2AC900070E0B = {
						CreatedOnToolsVersion = 26.0;
						TestTargetID = 5D57BA5C2E3A2AC700070E0B;
					};
				};
			};
			buildConfigurationList = 5D57BA582E3A2AC700070E0B /* Build configuration list for PBXProject "SkyGazer" */;
			developmentRegion = en;
			hasScannedForEncodings = 0;
			knownRegions = (
				en,
				Base,
			);
			mainGroup = 5D57BA542E3A2AC700070E0B;
			minimizedProjectReferenceProxies = 1;
			packageReferences = (
				5D57BA942E3A519800070E0B /* XCRemoteSwiftPackageReference "ATProtoKit" */,
			);
			preferredProjectObjectVersion = 77;
			productRefGroup = 5D57BA5E2E3A2AC700070E0B /* Products */;
			projectDirPath = "";
			projectRoot = "";
			targets = (
				5D57BA5C2E3A2AC700070E0B /* SkyGazer */,
				5D57BA702E3A2AC900070E0B /* SkyGazerTests */,
				5D57BA7A2E3A2AC900070E0B /* SkyGazerUITests */,
			);
		};
/* End PBXProject section */

/* Begin PBXResourcesBuildPhase section */
		5D57BA5B2E3A2AC700070E0B /* Resources */ = {
			isa = PBXResourcesBuildPhase;
			buildActionMask = 2147483647;
			files = (
			);
			runOnlyForDeploymentPostprocessing = 0;
		};
		5D57BA6F2E3A2AC900070E0B /* Resources */ = {
			isa = PBXResourcesBuildPhase;
			buildActionMask = 2147483647;
			files = (
			);
			runOnlyForDeploymentPostprocessing = 0;
		};
		5D57BA792E3A2AC900070E0B /* Resources */ = {
			isa = PBXResourcesBuildPhase;
			buildActionMask = 2147483647;
			files = (
			);
			runOnlyForDeploymentPostprocessing = 0;
		};
/* End PBXResourcesBuildPhase section */

/* Begin PBXSourcesBuildPhase section */
		5D57BA592E3A2AC700070E0B /* Sources */ = {
			isa = PBXSourcesBuildPhase;
			buildActionMask = 2147483647;
			files = (
			);
			runOnlyForDeploymentPostprocessing = 0;
		};
		5D57BA6D2E3A2AC900070E0B /* Sources */ = {
			isa = PBXSourcesBuildPhase;
			buildActionMask = 2147483647;
			files = (
			);
			runOnlyForDeploymentPostprocessing = 0;
		};
		5D57BA772E3A2AC900070E0B /* Sources */ = {
			isa = PBXSourcesBuildPhase;
			buildActionMask = 2147483647;
			files = (
			);
			runOnlyForDeploymentPostprocessing = 0;
		};
/* End PBXSourcesBuildPhase section */

/* Begin PBXTargetDependency section */
		5D57BA732E3A2AC900070E0B /* PBXTargetDependency */ = {
			isa = PBXTargetDependency;
			target = 5D57BA5C2E3A2AC700070E0B /* SkyGazer */;
			targetProxy = 5D57BA722E3A2AC900070E0B /* PBXContainerItemProxy */;
		};
		5D57BA7D2E3A2AC900070E0B /* PBXTargetDependency */ = {
			isa = PBXTargetDependency;
			target = 5D57BA5C2E3A2AC700070E0B /* SkyGazer */;
			targetProxy = 5D57BA7C2E3A2AC900070E0B /* PBXContainerItemProxy */;
		};
/* End PBXTargetDependency section */

/* Begin XCBuildConfiguration section */
		5D57BA852E3A2AC900070E0B /* Debug */ = {
			isa = XCBuildConfiguration;
			buildSettings = {
				ASSETCATALOG_COMPILER_APPICON_NAME = AppIcon;
				ASSETCATALOG_COMPILER_GLOBAL_ACCENT_COLOR_NAME = AccentColor;
				ASSETCATALOG_COMPILER_INCLUDE_ALL_APPICON_ASSETS = YES;
				CODE_SIGN_ENTITLEMENTS = SkyGazer/SkyGazer.entitlements;
				CODE_SIGN_STYLE = Automatic;
				CURRENT_PROJECT_VERSION = 1;
				DEVELOPMENT_TEAM = 9Y96KD339B;
				ENABLE_PREVIEWS = YES;
				GENERATE_INFOPLIST_FILE = YES;
				INFOPLIST_FILE = SkyGazer/Info.plist;
				INFOPLIST_KEY_CFBundleDisplayName = SkyGazer;
				INFOPLIST_KEY_LSApplicationCategoryType = "public.app-category.social-networking";
				INFOPLIST_KEY_UIApplicationSceneManifest_Generation = YES;
				INFOPLIST_KEY_UIApplicationSupportsIndirectInputEvents = YES;
				INFOPLIST_KEY_UILaunchScreen_Generation = YES;
				INFOPLIST_KEY_UIStatusBarHidden = NO;
				INFOPLIST_KEY_UISupportedInterfaceOrientations = UIInterfaceOrientationPortrait;
				INFOPLIST_KEY_UISupportedInterfaceOrientations_iPad = "UIInterfaceOrientationLandscapeLeft UIInterfaceOrientationLandscapeRight UIInterfaceOrientationPortrait UIInterfaceOrientationPortraitUpsideDown";
				IPHONEOS_DEPLOYMENT_TARGET = 26.0;
				LD_RUNPATH_SEARCH_PATHS = (
					"$(inherited)",
					"@executable_path/Frameworks",
				);
				MARKETING_VERSION = 1.0;
				PRODUCT_BUNDLE_IDENTIFIER = uwu.kernelfox.SkyGazer;
				PRODUCT_NAME = "$(TARGET_NAME)";
				STRING_CATALOG_GENERATE_SYMBOLS = YES;
				SWIFT_APPROACHABLE_CONCURRENCY = YES;
				SWIFT_DEFAULT_ACTOR_ISOLATION = MainActor;
				SWIFT_EMIT_LOC_STRINGS = YES;
				SWIFT_UPCOMING_FEATURE_MEMBER_IMPORT_VISIBILITY = YES;
				SWIFT_VERSION = 5.0;
				TARGETED_DEVICE_FAMILY = "1,2";
			};
			name = Debug;
		};
		5D57BA862E3A2AC900070E0B /* Release */ = {
			isa = XCBuildConfiguration;
			buildSettings = {
				ASSETCATALOG_COMPILER_APPICON_NAME = AppIcon;
				ASSETCATALOG_COMPILER_GLOBAL_ACCENT_COLOR_NAME = AccentColor;
				ASSETCATALOG_COMPILER_INCLUDE_ALL_APPICON_ASSETS = YES;
				CODE_SIGN_ENTITLEMENTS = SkyGazer/SkyGazer.entitlements;
				CODE_SIGN_STYLE = Automatic;
				CURRENT_PROJECT_VERSION = 1;
				DEVELOPMENT_TEAM = 9Y96KD339B;
				ENABLE_PREVIEWS = YES;
				GENERATE_INFOPLIST_FILE = YES;
				INFOPLIST_FILE = SkyGazer/Info.plist;
				INFOPLIST_KEY_CFBundleDisplayName = SkyGazer;
				INFOPLIST_KEY_LSApplicationCategoryType = "public.app-category.social-networking";
				INFOPLIST_KEY_UIApplicationSceneManifest_Generation = YES;
				INFOPLIST_KEY_UIApplicationSupportsIndirectInputEvents = YES;
				INFOPLIST_KEY_UILaunchScreen_Generation = YES;
				INFOPLIST_KEY_UIStatusBarHidden = NO;
				INFOPLIST_KEY_UISupportedInterfaceOrientations = UIInterfaceOrientationPortrait;
				INFOPLIST_KEY_UISupportedInterfaceOrientations_iPad = "UIInterfaceOrientationLandscapeLeft UIInterfaceOrientationLandscapeRight UIInterfaceOrientationPortrait UIInterfaceOrientationPortraitUpsideDown";
				IPHONEOS_DEPLOYMENT_TARGET = 26.0;
				LD_RUNPATH_SEARCH_PATHS = (
					"$(inherited)",
					"@executable_path/Frameworks",
				);
				MARKETING_VERSION = 1.0;
				PRODUCT_BUNDLE_IDENTIFIER = uwu.kernelfox.SkyGazer;
				PRODUCT_NAME = "$(TARGET_NAME)";
				STRING_CATALOG_GENERATE_SYMBOLS = YES;
				SWIFT_APPROACHABLE_CONCURRENCY = YES;
				SWIFT_DEFAULT_ACTOR_ISOLATION = MainActor;
				SWIFT_EMIT_LOC_STRINGS = YES;
				SWIFT_UPCOMING_FEATURE_MEMBER_IMPORT_VISIBILITY = YES;
				SWIFT_VERSION = 5.0;
				TARGETED_DEVICE_FAMILY = "1,2";
			};
			name = Release;
		};
		5D57BA872E3A2AC900070E0B /* Debug */ = {
			isa = XCBuildConfiguration;
			buildSettings = {
				ALWAYS_SEARCH_USER_PATHS = NO;
				ASSETCATALOG_COMPILER_GENERATE_SWIFT_ASSET_SYMBOL_EXTENSIONS = YES;
				CLANG_ANALYZER_NONNULL = YES;
				CLANG_ANALYZER_NUMBER_OBJECT_CONVERSION = YES_AGGRESSIVE;
				CLANG_CXX_LANGUAGE_STANDARD = "gnu++20";
				CLANG_ENABLE_MODULES = YES;
				CLANG_ENABLE_OBJC_ARC = YES;
				CLANG_ENABLE_OBJC_WEAK = YES;
				CLANG_WARN_BLOCK_CAPTURE_AUTORELEASING = YES;
				CLANG_WARN_BOOL_CONVERSION = YES;
				CLANG_WARN_COMMA = YES;
				CLANG_WARN_CONSTANT_CONVERSION = YES;
				CLANG_WARN_DEPRECATED_OBJC_IMPLEMENTATIONS = YES;
				CLANG_WARN_DIRECT_OBJC_ISA_USAGE = YES_ERROR;
				CLANG_WARN_DOCUMENTATION_COMMENTS = YES;
				CLANG_WARN_EMPTY_BODY = YES;
				CLANG_WARN_ENUM_CONVERSION = YES;
				CLANG_WARN_INFINITE_RECURSION = YES;
				CLANG_WARN_INT_CONVERSION = YES;
				CLANG_WARN_NON_LITERAL_NULL_CONVERSION = YES;
				CLANG_WARN_OBJC_IMPLICIT_RETAIN_SELF = YES;
				CLANG_WARN_OBJC_LITERAL_CONVERSION = YES;
				CLANG_WARN_OBJC_ROOT_CLASS = YES_ERROR;
				CLANG_WARN_QUOTED_INCLUDE_IN_FRAMEWORK_HEADER = YES;
				CLANG_WARN_RANGE_LOOP_ANALYSIS = YES;
				CLANG_WARN_STRICT_PROTOTYPES = YES;
				CLANG_WARN_SUSPICIOUS_MOVE = YES;
				CLANG_WARN_UNGUARDED_AVAILABILITY = YES_AGGRESSIVE;
				CLANG_WARN_UNREACHABLE_CODE = YES;
				CLANG_WARN__DUPLICATE_METHOD_MATCH = YES;
				COPY_PHASE_STRIP = NO;
				DEBUG_INFORMATION_FORMAT = dwarf;
				DEVELOPMENT_TEAM = 9Y96KD339B;
				ENABLE_STRICT_OBJC_MSGSEND = YES;
				ENABLE_TESTABILITY = YES;
				ENABLE_USER_SCRIPT_SANDBOXING = YES;
				GCC_C_LANGUAGE_STANDARD = gnu17;
				GCC_DYNAMIC_NO_PIC = NO;
				GCC_NO_COMMON_BLOCKS = YES;
				GCC_OPTIMIZATION_LEVEL = 0;
				GCC_PREPROCESSOR_DEFINITIONS = (
					"DEBUG=1",
					"$(inherited)",
				);
				GCC_WARN_64_TO_32_BIT_CONVERSION = YES;
				GCC_WARN_ABOUT_RETURN_TYPE = YES_ERROR;
				GCC_WARN_UNDECLARED_SELECTOR = YES;
				GCC_WARN_UNINITIALIZED_AUTOS = YES_AGGRESSIVE;
				GCC_WARN_UNUSED_FUNCTION = YES;
				GCC_WARN_UNUSED_VARIABLE = YES;
				IPHONEOS_DEPLOYMENT_TARGET = 26.0;
				LOCALIZATION_PREFERS_STRING_CATALOGS = YES;
				MTL_ENABLE_DEBUG_INFO = INCLUDE_SOURCE;
				MTL_FAST_MATH = YES;
				ONLY_ACTIVE_ARCH = YES;
				SDKROOT = iphoneos;
				SWIFT_ACTIVE_COMPILATION_CONDITIONS = "DEBUG $(inherited)";
				SWIFT_OPTIMIZATION_LEVEL = "-Onone";
			};
			name = Debug;
		};
		5D57BA882E3A2AC900070E0B /* Release */ = {
			isa = XCBuildConfiguration;
			buildSettings = {
				ALWAYS_SEARCH_USER_PATHS = NO;
				ASSETCATALOG_COMPILER_GENERATE_SWIFT_ASSET_SYMBOL_EXTENSIONS = YES;
				CLANG_ANALYZER_NONNULL = YES;
				CLANG_ANALYZER_NUMBER_OBJECT_CONVERSION = YES_AGGRESSIVE;
				CLANG_CXX_LANGUAGE_STANDARD = "gnu++20";
				CLANG_ENABLE_MODULES = YES;
				CLANG_ENABLE_OBJC_ARC = YES;
				CLANG_ENABLE_OBJC_WEAK = YES;
				CLANG_WARN_BLOCK_CAPTURE_AUTORELEASING = YES;
				CLANG_WARN_BOOL_CONVERSION = YES;
				CLANG_WARN_COMMA = YES;
				CLANG_WARN_CONSTANT_CONVERSION = YES;
				CLANG_WARN_DEPRECATED_OBJC_IMPLEMENTATIONS = YES;
				CLANG_WARN_DIRECT_OBJC_ISA_USAGE = YES_ERROR;
				CLANG_WARN_DOCUMENTATION_COMMENTS = YES;
				CLANG_WARN_EMPTY_BODY = YES;
				CLANG_WARN_ENUM_CONVERSION = YES;
				CLANG_WARN_INFINITE_RECURSION = YES;
				CLANG_WARN_INT_CONVERSION = YES;
				CLANG_WARN_NON_LITERAL_NULL_CONVERSION = YES;
				CLANG_WARN_OBJC_IMPLICIT_RETAIN_SELF = YES;
				CLANG_WARN_OBJC_LITERAL_CONVERSION = YES;
				CLANG_WARN_OBJC_ROOT_CLASS = YES_ERROR;
				CLANG_WARN_QUOTED_INCLUDE_IN_FRAMEWORK_HEADER = YES;
				CLANG_WARN_RANGE_LOOP_ANALYSIS = YES;
				CLANG_WARN_STRICT_PROTOTYPES = YES;
				CLANG_WARN_SUSPICIOUS_MOVE = YES;
				CLANG_WARN_UNGUARDED_AVAILABILITY = YES_AGGRESSIVE;
				CLANG_WARN_UNREACHABLE_CODE = YES;
				CLANG_WARN__DUPLICATE_METHOD_MATCH = YES;
				COPY_PHASE_STRIP = NO;
				DEBUG_INFORMATION_FORMAT = "dwarf-with-dsym";
				DEVELOPMENT_TEAM = 9Y96KD339B;
				ENABLE_NS_ASSERTIONS = NO;
				ENABLE_STRICT_OBJC_MSGSEND = YES;
				ENABLE_USER_SCRIPT_SANDBOXING = YES;
				GCC_C_LANGUAGE_STANDARD = gnu17;
				GCC_NO_COMMON_BLOCKS = YES;
				GCC_WARN_64_TO_32_BIT_CONVERSION = YES;
				GCC_WARN_ABOUT_RETURN_TYPE = YES_ERROR;
				GCC_WARN_UNDECLARED_SELECTOR = YES;
				GCC_WARN_UNINITIALIZED_AUTOS = YES_AGGRESSIVE;
				GCC_WARN_UNUSED_FUNCTION = YES;
				GCC_WARN_UNUSED_VARIABLE = YES;
				IPHONEOS_DEPLOYMENT_TARGET = 26.0;
				LOCALIZATION_PREFERS_STRING_CATALOGS = YES;
				MTL_ENABLE_DEBUG_INFO = NO;
				MTL_FAST_MATH = YES;
				SDKROOT = iphoneos;
				SWIFT_COMPILATION_MODE = wholemodule;
				VALIDATE_PRODUCT = YES;
			};
			name = Release;
		};
		5D57BA8A2E3A2AC900070E0B /* Debug */ = {
			isa = XCBuildConfiguration;
			buildSettings = {
				BUNDLE_LOADER = "$(TEST_HOST)";
				CODE_SIGN_STYLE = Automatic;
				CURRENT_PROJECT_VERSION = 1;
				DEVELOPMENT_TEAM = 9Y96KD339B;
				GENERATE_INFOPLIST_FILE = YES;
				IPHONEOS_DEPLOYMENT_TARGET = 26.0;
				MARKETING_VERSION = 1.0;
				PRODUCT_BUNDLE_IDENTIFIER = uwu.kernelfox.SkyGazerTests;
				PRODUCT_NAME = "$(TARGET_NAME)";
				STRING_CATALOG_GENERATE_SYMBOLS = NO;
				SWIFT_APPROACHABLE_CONCURRENCY = YES;
				SWIFT_EMIT_LOC_STRINGS = NO;
				SWIFT_UPCOMING_FEATURE_MEMBER_IMPORT_VISIBILITY = YES;
				SWIFT_VERSION = 5.0;
				TARGETED_DEVICE_FAMILY = "1,2";
				TEST_HOST = "$(BUILT_PRODUCTS_DIR)/SkyGazer.app/$(BUNDLE_EXECUTABLE_FOLDER_PATH)/SkyGazer";
			};
			name = Debug;
		};
		5D57BA8B2E3A2AC900070E0B /* Release */ = {
			isa = XCBuildConfiguration;
			buildSettings = {
				BUNDLE_LOADER = "$(TEST_HOST)";
				CODE_SIGN_STYLE = Automatic;
				CURRENT_PROJECT_VERSION = 1;
				DEVELOPMENT_TEAM = 9Y96KD339B;
				GENERATE_INFOPLIST_FILE = YES;
				IPHONEOS_DEPLOYMENT_TARGET = 26.0;
				MARKETING_VERSION = 1.0;
				PRODUCT_BUNDLE_IDENTIFIER = uwu.kernelfox.SkyGazerTests;
				PRODUCT_NAME = "$(TARGET_NAME)";
				STRING_CATALOG_GENERATE_SYMBOLS = NO;
				SWIFT_APPROACHABLE_CONCURRENCY = YES;
				SWIFT_EMIT_LOC_STRINGS = NO;
				SWIFT_UPCOMING_FEATURE_MEMBER_IMPORT_VISIBILITY = YES;
				SWIFT_VERSION = 5.0;
				TARGETED_DEVICE_FAMILY = "1,2";
				TEST_HOST = "$(BUILT_PRODUCTS_DIR)/SkyGazer.app/$(BUNDLE_EXECUTABLE_FOLDER_PATH)/SkyGazer";
			};
			name = Release;
		};
		5D57BA8D2E3A2AC900070E0B /* Debug */ = {
			isa = XCBuildConfiguration;
			buildSettings = {
				CODE_SIGN_STYLE = Automatic;
				CURRENT_PROJECT_VERSION = 1;
				DEVELOPMENT_TEAM = 9Y96KD339B;
				GENERATE_INFOPLIST_FILE = YES;
				MARKETING_VERSION = 1.0;
				PRODUCT_BUNDLE_IDENTIFIER = uwu.kernelfox.SkyGazerUITests;
				PRODUCT_NAME = "$(TARGET_NAME)";
				STRING_CATALOG_GENERATE_SYMBOLS = NO;
				SWIFT_APPROACHABLE_CONCURRENCY = YES;
				SWIFT_EMIT_LOC_STRINGS = NO;
				SWIFT_UPCOMING_FEATURE_MEMBER_IMPORT_VISIBILITY = YES;
				SWIFT_VERSION = 5.0;
				TARGETED_DEVICE_FAMILY = "1,2";
				TEST_TARGET_NAME = SkyGazer;
			};
			name = Debug;
		};
		5D57BA8E2E3A2AC900070E0B /* Release */ = {
			isa = XCBuildConfiguration;
			buildSettings = {
				CODE_SIGN_STYLE = Automatic;
				CURRENT_PROJECT_VERSION = 1;
				DEVELOPMENT_TEAM = 9Y96KD339B;
				GENERATE_INFOPLIST_FILE = YES;
				MARKETING_VERSION = 1.0;
				PRODUCT_BUNDLE_IDENTIFIER = uwu.kernelfox.SkyGazerUITests;
				PRODUCT_NAME = "$(TARGET_NAME)";
				STRING_CATALOG_GENERATE_SYMBOLS = NO;
				SWIFT_APPROACHABLE_CONCURRENCY = YES;
				SWIFT_EMIT_LOC_STRINGS = NO;
				SWIFT_UPCOMING_FEATURE_MEMBER_IMPORT_VISIBILITY = YES;
				SWIFT_VERSION = 5.0;
				TARGETED_DEVICE_FAMILY = "1,2";
				TEST_TARGET_NAME = SkyGazer;
			};
			name = Release;
		};
/* End XCBuildConfiguration section */

/* Begin XCConfigurationList section */
		5D57BA582E3A2AC700070E0B /* Build configuration list for PBXProject "SkyGazer" */ = {
			isa = XCConfigurationList;
			buildConfigurations = (
				5D57BA872E3A2AC900070E0B /* Debug */,
				5D57BA882E3A2AC900070E0B /* Release */,
			);
			defaultConfigurationIsVisible = 0;
			defaultConfigurationName = Release;
		};
		5D57BA842E3A2AC900070E0B /* Build configuration list for PBXNativeTarget "SkyGazer" */ = {
			isa = XCConfigurationList;
			buildConfigurations = (
				5D57BA852E3A2AC900070E0B /* Debug */,
				5D57BA862E3A2AC900070E0B /* Release */,
			);
			defaultConfigurationIsVisible = 0;
			defaultConfigurationName = Release;
		};
		5D57BA892E3A2AC900070E0B /* Build configuration list for PBXNativeTarget "SkyGazerTests" */ = {
			isa = XCConfigurationList;
			buildConfigurations = (
				5D57BA8A2E3A2AC900070E0B /* Debug */,
				5D57BA8B2E3A2AC900070E0B /* Release */,
			);
			defaultConfigurationIsVisible = 0;
			defaultConfigurationName = Release;
		};
		5D57BA8C2E3A2AC900070E0B /* Build configuration list for PBXNativeTarget "SkyGazerUITests" */ = {
			isa = XCConfigurationList;
			buildConfigurations = (
				5D57BA8D2E3A2AC900070E0B /* Debug */,
				5D57BA8E2E3A2AC900070E0B /* Release */,
			);
			defaultConfigurationIsVisible = 0;
			defaultConfigurationName = Release;
		};
/* End XCConfigurationList section */

/* Begin XCRemoteSwiftPackageReference section */
		5D57BA942E3A519800070E0B /* XCRemoteSwiftPackageReference "ATProtoKit" */ = {
			isa = XCRemoteSwiftPackageReference;
			repositoryURL = "https://github.com/MasterJ93/ATProtoKit.git";
			requirement = {
				kind = upToNextMajorVersion;
				minimumVersion = 0.30.4;
			};
		};
/* End XCRemoteSwiftPackageReference section */

/* Begin XCSwiftPackageProductDependency section */
		5D57BA972E3A519800070E0B /* ATProtoKit */ = {
			isa = XCSwiftPackageProductDependency;
			package = 5D57BA942E3A519800070E0B /* XCRemoteSwiftPackageReference "ATProtoKit" */;
			productName = ATProtoKit;
		};
/* End XCSwiftPackageProductDependency section */
	};
	rootObject = 5D57BA552E3A2AC700070E0B /* Project object */;
}
